
Microsoft Visual Studio Solution File, Format Version 12.00
# Visual Studio Version 17
VisualStudioVersion = 17.14.36429.23 d17.14
MinimumVisualStudioVersion = 10.0.40219.1
Project("{FAE04EC0-301F-11D3-BF4B-00C04F79EFBC}") = "V.M.C's_0.2", "V.M.C's_0.2\V.M.C's_0.2.csproj", "{91179F65-9B42-41A2-B4ED-1A3A446E317E}"
EndProject
Global
	GlobalSection(SolutionConfigurationPlatforms) = preSolution
		Debug|Any CPU = Debug|Any CPU
		Release|Any CPU = Release|Any CPU
	EndGlobalSection
	GlobalSection(ProjectConfigurationPlatforms) = postSolution
		{91179F65-9B42-41A2-B4ED-1A3A446E317E}.Debug|Any CPU.ActiveCfg = Debug|Any CPU
		{91179F65-9B42-41A2-B4ED-1A3A446E317E}.Debug|Any CPU.Build.0 = Debug|Any CPU
		{91179F65-9B42-41A2-B4ED-1A3A446E317E}.Release|Any CPU.ActiveCfg = Release|Any CPU
		{91179F65-9B42-41A2-B4ED-1A3A446E317E}.Release|Any CPU.Build.0 = Release|Any CPU
	EndGlobalSection
	GlobalSection(SolutionProperties) = preSolution
		HideSolutionNode = FALSE
	EndGlobalSection
	GlobalSection(ExtensibilityGlobals) = postSolution
		SolutionGuid = {33912D85-6EE0-4A16-89FB-6809416C49A5}
	EndGlobalSection
EndGlobal
